
Microsoft Visual Studio Solution File, Format Version 12.00
# Visual Studio Version 17
VisualStudioVersion = 17.9.34511.98
MinimumVisualStudioVersion = 10.0.40219.1
Project("{F184B08F-C81C-45F6-A57F-5ABD9991F28F}") = "OLDWindowsApp", "OLDWindowsApp\OLDWindowsApp.vbproj", "{9B4BC136-F353-4FAE-8FB0-A1161D94A37B}"
EndProject
Global
	GlobalSection(SolutionConfigurationPlatforms) = preSolution
		Debug|Any CPU = Debug|Any CPU
		Release|Any CPU = Release|Any CPU
	EndGlobalSection
	GlobalSection(ProjectConfigurationPlatforms) = postSolution
		{9B4BC136-F353-4FAE-8FB0-A1161D94A37B}.Debug|Any CPU.ActiveCfg = Debug|Any CPU
		{9B4BC136-F353-4FAE-8FB0-A1161D94A37B}.Debug|Any CPU.Build.0 = Debug|Any CPU
		{9B4BC136-F353-4FAE-8FB0-A1161D94A37B}.Release|Any CPU.ActiveCfg = Release|Any CPU
		{9B4BC136-F353-4FAE-8FB0-A1161D94A37B}.Release|Any CPU.Build.0 = Release|Any CPU
	EndGlobalSection
	GlobalSection(SolutionProperties) = preSolution
		HideSolutionNode = FALSE
	EndGlobalSection
	GlobalSection(ExtensibilityGlobals) = postSolution
		SolutionGuid = {006106D5-299B-40A1-8E18-8B6E0C2F7351}
	EndGlobalSection
EndGlobal
